
Microsoft Visual Studio Solution File, Format Version 12.00
# Visual Studio 15
VisualStudioVersion = 15.0.27703.2000
MinimumVisualStudioVersion = 10.0.40219.1
Project("{FAE04EC0-301F-11D3-BF4B-00C04F79EFBC}") = "AreaChart", "AreaChart\AreaChart.csproj", "{2EB71C0B-FC27-4398-B8A3-5454A7E83F40}"
EndProject
Global
	GlobalSection(SolutionConfigurationPlatforms) = preSolution
		Debug|ARM = Debug|ARM
		Debug|x64 = Debug|x64
		Debug|x86 = Debug|x86
		Release|ARM = Release|ARM
		Release|x64 = Release|x64
		Release|x86 = Release|x86
	EndGlobalSection
	GlobalSection(ProjectConfigurationPlatforms) = postSolution
		{2EB71C0B-FC27-4398-B8A3-5454A7E83F40}.Debug|ARM.ActiveCfg = Debug|ARM
		{2EB71C0B-FC27-4398-B8A3-5454A7E83F40}.Debug|ARM.Build.0 = Debug|ARM
		{2EB71C0B-FC27-4398-B8A3-5454A7E83F40}.Debug|ARM.Deploy.0 = Debug|ARM
		{2EB71C0B-FC27-4398-B8A3-5454A7E83F40}.Debug|x64.ActiveCfg = Debug|x64
		{2EB71C0B-FC27-4398-B8A3-5454A7E83F40}.Debug|x64.Build.0 = Debug|x64
		{2EB71C0B-FC27-4398-B8A3-5454A7E83F40}.Debug|x64.Deploy.0 = Debug|x64
		{2EB71C0B-FC27-4398-B8A3-5454A7E83F40}.Debug|x86.ActiveCfg = Debug|x86
		{2EB71C0B-FC27-4398-B8A3-5454A7E83F40}.Debug|x86.Build.0 = Debug|x86
		{2EB71C0B-FC27-4398-B8A3-5454A7E83F40}.Debug|x86.Deploy.0 = Debug|x86
		{2EB71C0B-FC27-4398-B8A3-5454A7E83F40}.Release|ARM.ActiveCfg = Release|ARM
		{2EB71C0B-FC27-4398-B8A3-5454A7E83F40}.Release|ARM.Build.0 = Release|ARM
		{2EB71C0B-FC27-4398-B8A3-5454A7E83F40}.Release|ARM.Deploy.0 = Release|ARM
		{2EB71C0B-FC27-4398-B8A3-5454A7E83F40}.Release|x64.ActiveCfg = Release|x64
		{2EB71C0B-FC27-4398-B8A3-5454A7E83F40}.Release|x64.Build.0 = Release|x64
		{2EB71C0B-FC27-4398-B8A3-5454A7E83F40}.Release|x64.Deploy.0 = Release|x64
		{2EB71C0B-FC27-4398-B8A3-5454A7E83F40}.Release|x86.ActiveCfg = Release|x86
		{2EB71C0B-FC27-4398-B8A3-5454A7E83F40}.Release|x86.Build.0 = Release|x86
		{2EB71C0B-FC27-4398-B8A3-5454A7E83F40}.Release|x86.Deploy.0 = Release|x86
	EndGlobalSection
	GlobalSection(SolutionProperties) = preSolution
		HideSolutionNode = FALSE
	EndGlobalSection
	GlobalSection(ExtensibilityGlobals) = postSolution
		SolutionGuid = {6F145C65-D5B8-4503-9D48-4A48DD0BE3C7}
	EndGlobalSection
EndGlobal
